
Microsoft Visual Studio Solution File, Format Version 11.00
# Visual Studio 2010
Project("{FAE04EC0-301F-11D3-BF4B-00C04F79EFBC}") = "E001-messaging-basics", "..\E001-messaging-basics\sample-csharp\E001-messaging-basics.csproj", "{77CB3924-2281-46A1-A1A2-2818D0F2EB62}"
EndProject
Global
	GlobalSection(SolutionConfigurationPlatforms) = preSolution
		Debug|x86 = Debug|x86
		Release|x86 = Release|x86
	EndGlobalSection
	GlobalSection(ProjectConfigurationPlatforms) = postSolution
		{77CB3924-2281-46A1-A1A2-2818D0F2EB62}.Debug|x86.ActiveCfg = Debug|x86
		{77CB3924-2281-46A1-A1A2-2818D0F2EB62}.Debug|x86.Build.0 = Debug|x86
		{77CB3924-2281-46A1-A1A2-2818D0F2EB62}.Release|x86.ActiveCfg = Release|x86
		{77CB3924-2281-46A1-A1A2-2818D0F2EB62}.Release|x86.Build.0 = Release|x86
	EndGlobalSection
	GlobalSection(SolutionProperties) = preSolution
		HideSolutionNode = FALSE
	EndGlobalSection
EndGlobal
